lockfileVersion: '6.0'

settings:
  autoInstallPeers: true
  excludeLinksFromLockfile: false

dependencies:
  lodash:
    specifier: ^4.17.21
    version: 4.17.21
  ws:
    specifier: ^8.13.0
    version: 8.13.0

devDependencies:
  '@types/lodash':
    specifier: ^4.14.196
    version: 4.14.196
  '@types/node':
    specifier: ^20.4.8
    version: 20.4.8
  '@types/ws':
    specifier: ^8.5.5
    version: 8.5.5

packages:

  /@types/lodash@4.14.196:
    resolution: {integrity: sha512-22y3o88f4a94mKljsZcanlNWPzO0uBsBdzLAngf2tp533LzZcQzb6+eZPJ+vCTt+bqF2XnvT9gejTLsAcJAJyQ==}
    dev: true

  /@types/node@20.4.8:
    resolution: {integrity: sha512-0mHckf6D2DiIAzh8fM8f3HQCvMKDpK94YQ0DSVkfWTG9BZleYIWudw9cJxX8oCk9bM+vAkDyujDV6dmKHbvQpg==}
    dev: true

  /@types/ws@8.5.5:
    resolution: {integrity: sha512-lwhs8hktwxSjf9UaZ9tG5M03PGogvFaH8gUgLNbN9HKIg0dvv6q+gkSuJ8HN4/VbyxkuLzCjlN7GquQ0gUJfIg==}
    dependencies:
      '@types/node': 20.4.8
    dev: true

  /lodash@4.17.21:
    resolution: {integrity: sha512-v2kDEe57lecTulaDIuNTPy3Ry4gLGJ6Z1O3vE1krgXZNrsQ+LFTGHVxVjcXPs17LhbZVGedAJv8XZ1tvj5FvSg==}
    dev: false

  /ws@8.13.0:
    resolution: {integrity: sha512-x9vcZYTrFPC7aSIbj7sRCYo7L/Xb8Iy+pW0ng0wt2vCJv7M9HOMy0UoN3rr+IFC7hb7vXoqS+P9ktyLLLhO+LA==}
    engines: {node: '>=10.0.0'}
    peerDependencies:
      bufferutil: ^4.0.1
      utf-8-validate: '>=5.0.2'
    peerDependenciesMeta:
      bufferutil:
        optional: true
      utf-8-validate:
        optional: true
    dev: false
